
Microsoft Visual Studio Solution File, Format Version 12.00
# Visual Studio Version 16
VisualStudioVersion = 16.0.30320.27
MinimumVisualStudioVersion = 10.0.40219.1
Project("{FAE04EC0-301F-11D3-BF4B-00C04F79EFBC}") = "addressbook_web_main", "addressbook_web_main\addressbook_web_main.csproj", "{90FF729A-5F9C-4FFD-A4FA-FCB25F204391}"
EndProject
Project("{2150E333-8FDC-42A3-9474-1A3956D46DE8}") = "Solution Items", "Solution Items", "{3683A461-F962-4921-B8D4-1BB54CC9C362}"
	ProjectSection(SolutionItems) = preProject
		.editorconfig = .editorconfig
	EndProjectSection
EndProject
Project("{FAE04EC0-301F-11D3-BF4B-00C04F79EFBC}") = "addressbook_test_data_generationm", "addressbook_test_data_generationm\addressbook_test_data_generationm.csproj", "{83957C6A-AF8D-44A3-BD27-A13FB64D7AFD}"
	ProjectSection(ProjectDependencies) = postProject
		{90FF729A-5F9C-4FFD-A4FA-FCB25F204391} = {90FF729A-5F9C-4FFD-A4FA-FCB25F204391}
	EndProjectSection
EndProject
Global
	GlobalSection(SolutionConfigurationPlatforms) = preSolution
		Debug|Any CPU = Debug|Any CPU
		Release|Any CPU = Release|Any CPU
	EndGlobalSection
	GlobalSection(ProjectConfigurationPlatforms) = postSolution
		{90FF729A-5F9C-4FFD-A4FA-FCB25F204391}.Debug|Any CPU.ActiveCfg = Debug|Any CPU
		{90FF729A-5F9C-4FFD-A4FA-FCB25F204391}.Debug|Any CPU.Build.0 = Debug|Any CPU
		{90FF729A-5F9C-4FFD-A4FA-FCB25F204391}.Release|Any CPU.ActiveCfg = Release|Any CPU
		{90FF729A-5F9C-4FFD-A4FA-FCB25F204391}.Release|Any CPU.Build.0 = Release|Any CPU
		{83957C6A-AF8D-44A3-BD27-A13FB64D7AFD}.Debug|Any CPU.ActiveCfg = Debug|Any CPU
		{83957C6A-AF8D-44A3-BD27-A13FB64D7AFD}.Debug|Any CPU.Build.0 = Debug|Any CPU
		{83957C6A-AF8D-44A3-BD27-A13FB64D7AFD}.Release|Any CPU.ActiveCfg = Release|Any CPU
		{83957C6A-AF8D-44A3-BD27-A13FB64D7AFD}.Release|Any CPU.Build.0 = Release|Any CPU
	EndGlobalSection
	GlobalSection(SolutionProperties) = preSolution
		HideSolutionNode = FALSE
	EndGlobalSection
	GlobalSection(ExtensibilityGlobals) = postSolution
		SolutionGuid = {D5B47615-BB2E-47BB-9EA6-CCD50651B9D0}
	EndGlobalSection
EndGlobal
